github.com/peanutgyz/gomod2 v0.0.0-20191212084750-65d694d6ad28/go.mod h1:mogg5nY05CKJLbUU0tw+eiRTMNOQDzJMnjoSfKkaM60=
github.com/peanutgyz/gomodmain v0.0.0-20191212085609-e4112cb5b0bb h1:njgZpdUPOPeCcyx0ha9VVSj7cxJqkqoCml3ctskGaug=
github.com/peanutgyz/gomodmain v0.0.0-20191212085609-e4112cb5b0bb/go.mod h1:I+BI2ri3chdTvraUyeD62J0qeDqvds6kow0p5E6SQi8=
